
Microsoft Visual Studio Solution File, Format Version 12.00
# Visual Studio Version 17
VisualStudioVersion = 17.3.32929.385
MinimumVisualStudioVersion = 10.0.40219.1
Project("{9A19103F-16F7-4668-BE54-9A1E7A4F7556}") = "Alquilandome", "Alquilandome.csproj", "{09761004-FDCC-4D6F-BF35-970BB9914684}"
EndProject
Global
	GlobalSection(SolutionConfigurationPlatforms) = preSolution
		Debug|Any CPU = Debug|Any CPU
		Release|Any CPU = Release|Any CPU
	EndGlobalSection
	GlobalSection(ProjectConfigurationPlatforms) = postSolution
		{09761004-FDCC-4D6F-BF35-970BB9914684}.Debug|Any CPU.ActiveCfg = Debug|Any CPU
		{09761004-FDCC-4D6F-BF35-970BB9914684}.Debug|Any CPU.Build.0 = Debug|Any CPU
		{09761004-FDCC-4D6F-BF35-970BB9914684}.Release|Any CPU.ActiveCfg = Release|Any CPU
		{09761004-FDCC-4D6F-BF35-970BB9914684}.Release|Any CPU.Build.0 = Release|Any CPU
	EndGlobalSection
	GlobalSection(SolutionProperties) = preSolution
		HideSolutionNode = FALSE
	EndGlobalSection
	GlobalSection(ExtensibilityGlobals) = postSolution
		SolutionGuid = {A4608A15-A720-4BF6-8367-1341BECDA607}
	EndGlobalSection
EndGlobal
